
Microsoft Visual Studio Solution File, Format Version 12.00
# Visual Studio 2013
VisualStudioVersion = 12.0.21005.1
MinimumVisualStudioVersion = 10.0.40219.1
Project("{FAE04EC0-301F-11D3-BF4B-00C04F79EFBC}") = "自定义Panel列表", "自定义Panel列表\自定义Panel列表.csproj", "{F6B45561-5430-430A-AAE1-7D00D2B78186}"
EndProject
Project("{FAE04EC0-301F-11D3-BF4B-00C04F79EFBC}") = "自定义Panel列表V1", "自定义Panel列表V1\自定义Panel列表V1.csproj", "{16CA7EAC-9EEE-4BA9-A44E-30A6ED1DC9F8}"
EndProject
Project("{FAE04EC0-301F-11D3-BF4B-00C04F79EFBC}") = "自定义Panel列表V2", "自定义Panel列表V2\自定义Panel列表V2.csproj", "{116C445F-D370-46B0-B95D-2152798DF065}"
EndProject
Project("{FAE04EC0-301F-11D3-BF4B-00C04F79EFBC}") = "QQ截图", "QQ截图\QQ截图.csproj", "{82B5E3DE-BC6B-4D4A-A142-E58F3178AD1D}"
EndProject
Project("{FAE04EC0-301F-11D3-BF4B-00C04F79EFBC}") = "无边框窗体边框阴影效果与拖动", "无边框窗体边框阴影效果与拖动\无边框窗体边框阴影效果与拖动.csproj", "{FF8A2014-39B4-49CF-A6AF-456558925FCF}"
EndProject
Project("{FAE04EC0-301F-11D3-BF4B-00C04F79EFBC}") = "右上角带数字", "右上角带数字\右上角带数字.csproj", "{C5C9A1D0-13EF-4B4B-9C0E-FDEC883D3E32}"
EndProject
Project("{FAE04EC0-301F-11D3-BF4B-00C04F79EFBC}") = "自定义TreeView仿VS解决方案效果", "自定义TreeView仿VS解决方案效果\自定义TreeView仿VS解决方案效果.csproj", "{9D5C11DA-E69C-472A-A6C4-FF8310E75EDB}"
EndProject
Project("{FAE04EC0-301F-11D3-BF4B-00C04F79EFBC}") = "Win32API", "Win32API\Win32API.csproj", "{E6634CAA-A34D-4E07-B747-42FF3DE06F81}"
EndProject
Project("{FAE04EC0-301F-11D3-BF4B-00C04F79EFBC}") = "RichTextBox消息处理", "RichTextBox消息处理\RichTextBox消息处理.csproj", "{9A897980-6373-4117-9B9C-A81879ACEF46}"
EndProject
Project("{FAE04EC0-301F-11D3-BF4B-00C04F79EFBC}") = "COMDLL注册", "COMDLL注册\COMDLL注册.csproj", "{809240AC-6FB3-431B-B3CF-68EA701D51ED}"
EndProject
Project("{FAE04EC0-301F-11D3-BF4B-00C04F79EFBC}") = "获取系统文件的图标", "获取系统文件的图标\获取系统文件的图标.csproj", "{0607C269-FF8D-4E9B-90D1-9AB118978F8A}"
EndProject
Project("{FAE04EC0-301F-11D3-BF4B-00C04F79EFBC}") = "图标格式转换", "图标格式转换\图标格式转换.csproj", "{38FB244A-42E0-436C-BBD1-EFE897F40538}"
EndProject
Project("{FAE04EC0-301F-11D3-BF4B-00C04F79EFBC}") = "Emoji处理", "Emoji处理\Emoji处理.csproj", "{2289468D-DA73-421D-BD50-929878C13B44}"
EndProject
Project("{FAE04EC0-301F-11D3-BF4B-00C04F79EFBC}") = "播放音频", "播放音频\播放音频.csproj", "{A253A6C5-6055-4AC2-9BFA-6E69208B0762}"
EndProject
Project("{FAE04EC0-301F-11D3-BF4B-00C04F79EFBC}") = "ChatRichTextBox用Panel实现", "ChatRichTextBox用Panel实现\ChatRichTextBox用Panel实现.csproj", "{01059187-AE00-4858-B361-E8B8E5B2E2AC}"
EndProject
Global
	GlobalSection(SolutionConfigurationPlatforms) = preSolution
		Debug|Any CPU = Debug|Any CPU
		Release|Any CPU = Release|Any CPU
	EndGlobalSection
	GlobalSection(ProjectConfigurationPlatforms) = postSolution
		{F6B45561-5430-430A-AAE1-7D00D2B78186}.Debug|Any CPU.ActiveCfg = Debug|Any CPU
		{F6B45561-5430-430A-AAE1-7D00D2B78186}.Debug|Any CPU.Build.0 = Debug|Any CPU
		{F6B45561-5430-430A-AAE1-7D00D2B78186}.Release|Any CPU.ActiveCfg = Release|Any CPU
		{F6B45561-5430-430A-AAE1-7D00D2B78186}.Release|Any CPU.Build.0 = Release|Any CPU
		{16CA7EAC-9EEE-4BA9-A44E-30A6ED1DC9F8}.Debug|Any CPU.ActiveCfg = Debug|Any CPU
		{16CA7EAC-9EEE-4BA9-A44E-30A6ED1DC9F8}.Debug|Any CPU.Build.0 = Debug|Any CPU
		{16CA7EAC-9EEE-4BA9-A44E-30A6ED1DC9F8}.Release|Any CPU.ActiveCfg = Release|Any CPU
		{16CA7EAC-9EEE-4BA9-A44E-30A6ED1DC9F8}.Release|Any CPU.Build.0 = Release|Any CPU
		{116C445F-D370-46B0-B95D-2152798DF065}.Debug|Any CPU.ActiveCfg = Debug|Any CPU
		{116C445F-D370-46B0-B95D-2152798DF065}.Debug|Any CPU.Build.0 = Debug|Any CPU
		{116C445F-D370-46B0-B95D-2152798DF065}.Release|Any CPU.ActiveCfg = Release|Any CPU
		{116C445F-D370-46B0-B95D-2152798DF065}.Release|Any CPU.Build.0 = Release|Any CPU
		{82B5E3DE-BC6B-4D4A-A142-E58F3178AD1D}.Debug|Any CPU.ActiveCfg = Debug|Any CPU
		{82B5E3DE-BC6B-4D4A-A142-E58F3178AD1D}.Debug|Any CPU.Build.0 = Debug|Any CPU
		{82B5E3DE-BC6B-4D4A-A142-E58F3178AD1D}.Release|Any CPU.ActiveCfg = Release|Any CPU
		{82B5E3DE-BC6B-4D4A-A142-E58F3178AD1D}.Release|Any CPU.Build.0 = Release|Any CPU
		{FF8A2014-39B4-49CF-A6AF-456558925FCF}.Debug|Any CPU.ActiveCfg = Debug|Any CPU
		{FF8A2014-39B4-49CF-A6AF-456558925FCF}.Debug|Any CPU.Build.0 = Debug|Any CPU
		{FF8A2014-39B4-49CF-A6AF-456558925FCF}.Release|Any CPU.ActiveCfg = Release|Any CPU
		{FF8A2014-39B4-49CF-A6AF-456558925FCF}.Release|Any CPU.Build.0 = Release|Any CPU
		{C5C9A1D0-13EF-4B4B-9C0E-FDEC883D3E32}.Debug|Any CPU.ActiveCfg = Debug|Any CPU
		{C5C9A1D0-13EF-4B4B-9C0E-FDEC883D3E32}.Debug|Any CPU.Build.0 = Debug|Any CPU
		{C5C9A1D0-13EF-4B4B-9C0E-FDEC883D3E32}.Release|Any CPU.ActiveCfg = Release|Any CPU
		{C5C9A1D0-13EF-4B4B-9C0E-FDEC883D3E32}.Release|Any CPU.Build.0 = Release|Any CPU
		{9D5C11DA-E69C-472A-A6C4-FF8310E75EDB}.Debug|Any CPU.ActiveCfg = Debug|Any CPU
		{9D5C11DA-E69C-472A-A6C4-FF8310E75EDB}.Debug|Any CPU.Build.0 = Debug|Any CPU
		{9D5C11DA-E69C-472A-A6C4-FF8310E75EDB}.Release|Any CPU.ActiveCfg = Release|Any CPU
		{9D5C11DA-E69C-472A-A6C4-FF8310E75EDB}.Release|Any CPU.Build.0 = Release|Any CPU
		{E6634CAA-A34D-4E07-B747-42FF3DE06F81}.Debug|Any CPU.ActiveCfg = Debug|Any CPU
		{E6634CAA-A34D-4E07-B747-42FF3DE06F81}.Debug|Any CPU.Build.0 = Debug|Any CPU
		{E6634CAA-A34D-4E07-B747-42FF3DE06F81}.Release|Any CPU.ActiveCfg = Release|Any CPU
		{E6634CAA-A34D-4E07-B747-42FF3DE06F81}.Release|Any CPU.Build.0 = Release|Any CPU
		{9A897980-6373-4117-9B9C-A81879ACEF46}.Debug|Any CPU.ActiveCfg = Debug|Any CPU
		{9A897980-6373-4117-9B9C-A81879ACEF46}.Debug|Any CPU.Build.0 = Debug|Any CPU
		{9A897980-6373-4117-9B9C-A81879ACEF46}.Release|Any CPU.ActiveCfg = Release|Any CPU
		{9A897980-6373-4117-9B9C-A81879ACEF46}.Release|Any CPU.Build.0 = Release|Any CPU
		{809240AC-6FB3-431B-B3CF-68EA701D51ED}.Debug|Any CPU.ActiveCfg = Debug|Any CPU
		{809240AC-6FB3-431B-B3CF-68EA701D51ED}.Debug|Any CPU.Build.0 = Debug|Any CPU
		{809240AC-6FB3-431B-B3CF-68EA701D51ED}.Release|Any CPU.ActiveCfg = Release|Any CPU
		{809240AC-6FB3-431B-B3CF-68EA701D51ED}.Release|Any CPU.Build.0 = Release|Any CPU
		{0607C269-FF8D-4E9B-90D1-9AB118978F8A}.Debug|Any CPU.ActiveCfg = Debug|Any CPU
		{0607C269-FF8D-4E9B-90D1-9AB118978F8A}.Debug|Any CPU.Build.0 = Debug|Any CPU
		{0607C269-FF8D-4E9B-90D1-9AB118978F8A}.Release|Any CPU.ActiveCfg = Release|Any CPU
		{0607C269-FF8D-4E9B-90D1-9AB118978F8A}.Release|Any CPU.Build.0 = Release|Any CPU
		{38FB244A-42E0-436C-BBD1-EFE897F40538}.Debug|Any CPU.ActiveCfg = Debug|Any CPU
		{38FB244A-42E0-436C-BBD1-EFE897F40538}.Debug|Any CPU.Build.0 = Debug|Any CPU
		{38FB244A-42E0-436C-BBD1-EFE897F40538}.Release|Any CPU.ActiveCfg = Release|Any CPU
		{38FB244A-42E0-436C-BBD1-EFE897F40538}.Release|Any CPU.Build.0 = Release|Any CPU
		{2289468D-DA73-421D-BD50-929878C13B44}.Debug|Any CPU.ActiveCfg = Debug|Any CPU
		{2289468D-DA73-421D-BD50-929878C13B44}.Debug|Any CPU.Build.0 = Debug|Any CPU
		{2289468D-DA73-421D-BD50-929878C13B44}.Release|Any CPU.ActiveCfg = Release|Any CPU
		{2289468D-DA73-421D-BD50-929878C13B44}.Release|Any CPU.Build.0 = Release|Any CPU
		{A253A6C5-6055-4AC2-9BFA-6E69208B0762}.Debug|Any CPU.ActiveCfg = Debug|Any CPU
		{A253A6C5-6055-4AC2-9BFA-6E69208B0762}.Debug|Any CPU.Build.0 = Debug|Any CPU
		{A253A6C5-6055-4AC2-9BFA-6E69208B0762}.Release|Any CPU.ActiveCfg = Release|Any CPU
		{A253A6C5-6055-4AC2-9BFA-6E69208B0762}.Release|Any CPU.Build.0 = Release|Any CPU
		{01059187-AE00-4858-B361-E8B8E5B2E2AC}.Debug|Any CPU.ActiveCfg = Debug|Any CPU
		{01059187-AE00-4858-B361-E8B8E5B2E2AC}.Debug|Any CPU.Build.0 = Debug|Any CPU
		{01059187-AE00-4858-B361-E8B8E5B2E2AC}.Release|Any CPU.ActiveCfg = Release|Any CPU
		{01059187-AE00-4858-B361-E8B8E5B2E2AC}.Release|Any CPU.Build.0 = Release|Any CPU
	EndGlobalSection
	GlobalSection(SolutionProperties) = preSolution
		HideSolutionNode = FALSE
	EndGlobalSection
EndGlobal
