
Microsoft Visual Studio Solution File, Format Version 12.00
# Visual Studio 2013
VisualStudioVersion = 12.0.21005.1
MinimumVisualStudioVersion = 10.0.40219.1
Project("{FAE04EC0-301F-11D3-BF4B-00C04F79EFBC}") = "SQLiteORM", "SQLiteORM\SQLiteORM.csproj", "{AEEE7E70-7026-4E39-AF53-BB1C410BD063}"
EndProject
Project("{FAE04EC0-301F-11D3-BF4B-00C04F79EFBC}") = "SQLiteORM.Demo", "SQLiteORM.Demo\SQLiteORM.Demo.csproj", "{B91BBA3F-02DE-4A6C-836A-F5C96AAF50FF}"
EndProject
Global
	GlobalSection(SolutionConfigurationPlatforms) = preSolution
		Debug|Any CPU = Debug|Any CPU
		Release|Any CPU = Release|Any CPU
	EndGlobalSection
	GlobalSection(ProjectConfigurationPlatforms) = postSolution
		{AEEE7E70-7026-4E39-AF53-BB1C410BD063}.Debug|Any CPU.ActiveCfg = Debug|Any CPU
		{AEEE7E70-7026-4E39-AF53-BB1C410BD063}.Debug|Any CPU.Build.0 = Debug|Any CPU
		{AEEE7E70-7026-4E39-AF53-BB1C410BD063}.Release|Any CPU.ActiveCfg = Release|Any CPU
		{AEEE7E70-7026-4E39-AF53-BB1C410BD063}.Release|Any CPU.Build.0 = Release|Any CPU
		{B91BBA3F-02DE-4A6C-836A-F5C96AAF50FF}.Debug|Any CPU.ActiveCfg = Debug|Any CPU
		{B91BBA3F-02DE-4A6C-836A-F5C96AAF50FF}.Debug|Any CPU.Build.0 = Debug|Any CPU
		{B91BBA3F-02DE-4A6C-836A-F5C96AAF50FF}.Release|Any CPU.ActiveCfg = Release|Any CPU
		{B91BBA3F-02DE-4A6C-836A-F5C96AAF50FF}.Release|Any CPU.Build.0 = Release|Any CPU
	EndGlobalSection
	GlobalSection(SolutionProperties) = preSolution
		HideSolutionNode = FALSE
	EndGlobalSection
EndGlobal
